Microsoft Visual Studio Solution File, Format Version 12.00
# Visual Studio Version 17
VisualStudioVersion = 17.0.31903.59
MinimumVisualStudioVersion = 10.0.40219.1
Project("{9A19103F-16F7-4668-BE54-9A1E7A4F7556}") = "DreamTeam.IDP", "DreamTeam.IDP\DreamTeam.IDP.csproj", "{C0FDBAD6-0471-4272-B79D-A00CD36FD48A}"
EndProject
Project("{2150E333-8FDC-42A3-9474-1A3956D46DE8}") = "IdentityProvider", "IdentityProvider", "{B3DD37D9-B44C-4E85-9C2E-D7860F2FB533}"
EndProject
Project("{2150E333-8FDC-42A3-9474-1A3956D46DE8}") = "WebShop", "WebShop", "{88C25E19-811F-46E6-9248-B18FC16CDC81}"
EndProject
Project("{9A19103F-16F7-4668-BE54-9A1E7A4F7556}") = "WebshopServices", "WebshopServices\WebshopServices.csproj", "{16528575-5712-4054-93F2-BC82C2EDE5A4}"
EndProject
Project("{9A19103F-16F7-4668-BE54-9A1E7A4F7556}") = "WebshopAPI", "WebshopAPI\WebshopAPI.csproj", "{DCAFB67B-EEF6-45E0-BCE5-9C007C3F40FD}"
EndProject
Project("{9A19103F-16F7-4668-BE54-9A1E7A4F7556}") = "WebshopData", "WebshopData\WebshopData.csproj", "{D83EF434-9E43-448C-8F89-4FA704390159}"
EndProject
Project("{9A19103F-16F7-4668-BE54-9A1E7A4F7556}") = "WebshopShared", "WebshopShared\WebshopShared.csproj", "{695A42E9-1E9E-4603-B4A7-AF12B194D794}"
EndProject
Project("{9A19103F-16F7-4668-BE54-9A1E7A4F7556}") = "WebshopUI", "WebshopUI\WebshopUI.csproj", "{D6E39385-9BA6-4923-B635-FDA65F32BB9F}"
EndProject
Project("{9A19103F-16F7-4668-BE54-9A1E7A4F7556}") = "DreamTeam.IDP.Services", "DreamTeam.IDP.Services\DreamTeam.IDP.Services.csproj", "{F261EA55-1647-4A8A-8AEE-C82FD26D3AAE}"
EndProject
Project("{9A19103F-16F7-4668-BE54-9A1E7A4F7556}") = "DreamTeam.IDP.API", "DreamTeam.IDP.API\DreamTeam.IDP.API.csproj", "{01B07E4B-7D3C-4DB8-8FF4-D6AC264EC1A0}"
EndProject
Project("{9A19103F-16F7-4668-BE54-9A1E7A4F7556}") = "DreamTeam.IDP.Shared", "DreamTeam.IDP.Shared\DreamTeam.IDP.Shared.csproj", "{18B345F4-5F42-4431-BB94-B0B8E10E3523}"
EndProject
Project("{2150E333-8FDC-42A3-9474-1A3956D46DE8}") = "Tests", "Tests", "{ECB4AAE4-8054-4EAC-B60C-507BF14531EC}"
EndProject
Project("{9A19103F-16F7-4668-BE54-9A1E7A4F7556}") = "WebShopServiceTests", "WebShopServiceTests\WebShopServiceTests.csproj", "{45169EAB-289D-4D3A-939C-13E00CD60E96}"
EndProject
Project("{2150E333-8FDC-42A3-9474-1A3956D46DE8}") = "Tests", "Tests", "{AF179488-105B-4358-BD4B-8CC46FFAB294}"
EndProject
Project("{9A19103F-16F7-4668-BE54-9A1E7A4F7556}") = "DreamTeam.IDP.ServicesTests", "DreamTeam.IDP.ServicesTests\DreamTeam.IDP.ServicesTests.csproj", "{6C479350-012E-45D4-9569-8C4BE212345D}"
EndProject
Project("{9A19103F-16F7-4668-BE54-9A1E7A4F7556}") = "WebshopCache", "WebshopCache\WebshopCache.csproj", "{E9902855-8370-40AB-B099-C0D9663BF905}"
EndProject
Global
	GlobalSection(SolutionConfigurationPlatforms) = preSolution
		Debug|Any CPU = Debug|Any CPU
		Release|Any CPU = Release|Any CPU
	EndGlobalSection
	GlobalSection(ProjectConfigurationPlatforms) = postSolution
		{C0FDBAD6-0471-4272-B79D-A00CD36FD48A}.Debug|Any CPU.ActiveCfg = Debug|Any CPU
		{C0FDBAD6-0471-4272-B79D-A00CD36FD48A}.Debug|Any CPU.Build.0 = Debug|Any CPU
		{C0FDBAD6-0471-4272-B79D-A00CD36FD48A}.Release|Any CPU.ActiveCfg = Release|Any CPU
		{C0FDBAD6-0471-4272-B79D-A00CD36FD48A}.Release|Any CPU.Build.0 = Release|Any CPU
		{16528575-5712-4054-93F2-BC82C2EDE5A4}.Debug|Any CPU.ActiveCfg = Debug|Any CPU
		{16528575-5712-4054-93F2-BC82C2EDE5A4}.Debug|Any CPU.Build.0 = Debug|Any CPU
		{16528575-5712-4054-93F2-BC82C2EDE5A4}.Release|Any CPU.ActiveCfg = Release|Any CPU
		{16528575-5712-4054-93F2-BC82C2EDE5A4}.Release|Any CPU.Build.0 = Release|Any CPU
		{DCAFB67B-EEF6-45E0-BCE5-9C007C3F40FD}.Debug|Any CPU.ActiveCfg = Debug|Any CPU
		{DCAFB67B-EEF6-45E0-BCE5-9C007C3F40FD}.Debug|Any CPU.Build.0 = Debug|Any CPU
		{DCAFB67B-EEF6-45E0-BCE5-9C007C3F40FD}.Release|Any CPU.ActiveCfg = Release|Any CPU
		{DCAFB67B-EEF6-45E0-BCE5-9C007C3F40FD}.Release|Any CPU.Build.0 = Release|Any CPU
		{D83EF434-9E43-448C-8F89-4FA704390159}.Debug|Any CPU.ActiveCfg = Debug|Any CPU
		{D83EF434-9E43-448C-8F89-4FA704390159}.Debug|Any CPU.Build.0 = Debug|Any CPU
		{D83EF434-9E43-448C-8F89-4FA704390159}.Release|Any CPU.ActiveCfg = Release|Any CPU
		{D83EF434-9E43-448C-8F89-4FA704390159}.Release|Any CPU.Build.0 = Release|Any CPU
		{695A42E9-1E9E-4603-B4A7-AF12B194D794}.Debug|Any CPU.ActiveCfg = Debug|Any CPU
		{695A42E9-1E9E-4603-B4A7-AF12B194D794}.Debug|Any CPU.Build.0 = Debug|Any CPU
		{695A42E9-1E9E-4603-B4A7-AF12B194D794}.Release|Any CPU.ActiveCfg = Release|Any CPU
		{695A42E9-1E9E-4603-B4A7-AF12B194D794}.Release|Any CPU.Build.0 = Release|Any CPU
		{D6E39385-9BA6-4923-B635-FDA65F32BB9F}.Debug|Any CPU.ActiveCfg = Debug|Any CPU
		{D6E39385-9BA6-4923-B635-FDA65F32BB9F}.Debug|Any CPU.Build.0 = Debug|Any CPU
		{D6E39385-9BA6-4923-B635-FDA65F32BB9F}.Release|Any CPU.ActiveCfg = Release|Any CPU
		{D6E39385-9BA6-4923-B635-FDA65F32BB9F}.Release|Any CPU.Build.0 = Release|Any CPU
		{F261EA55-1647-4A8A-8AEE-C82FD26D3AAE}.Debug|Any CPU.ActiveCfg = Debug|Any CPU
		{F261EA55-1647-4A8A-8AEE-C82FD26D3AAE}.Debug|Any CPU.Build.0 = Debug|Any CPU
		{F261EA55-1647-4A8A-8AEE-C82FD26D3AAE}.Release|Any CPU.ActiveCfg = Release|Any CPU
		{F261EA55-1647-4A8A-8AEE-C82FD26D3AAE}.Release|Any CPU.Build.0 = Release|Any CPU
		{01B07E4B-7D3C-4DB8-8FF4-D6AC264EC1A0}.Debug|Any CPU.ActiveCfg = Debug|Any CPU
		{01B07E4B-7D3C-4DB8-8FF4-D6AC264EC1A0}.Debug|Any CPU.Build.0 = Debug|Any CPU
		{01B07E4B-7D3C-4DB8-8FF4-D6AC264EC1A0}.Release|Any CPU.ActiveCfg = Release|Any CPU
		{01B07E4B-7D3C-4DB8-8FF4-D6AC264EC1A0}.Release|Any CPU.Build.0 = Release|Any CPU
		{18B345F4-5F42-4431-BB94-B0B8E10E3523}.Debug|Any CPU.ActiveCfg = Debug|Any CPU
		{18B345F4-5F42-4431-BB94-B0B8E10E3523}.Debug|Any CPU.Build.0 = Debug|Any CPU
		{18B345F4-5F42-4431-BB94-B0B8E10E3523}.Release|Any CPU.ActiveCfg = Release|Any CPU
		{18B345F4-5F42-4431-BB94-B0B8E10E3523}.Release|Any CPU.Build.0 = Release|Any CPU
		{45169EAB-289D-4D3A-939C-13E00CD60E96}.Debug|Any CPU.ActiveCfg = Debug|Any CPU
		{45169EAB-289D-4D3A-939C-13E00CD60E96}.Debug|Any CPU.Build.0 = Debug|Any CPU
		{45169EAB-289D-4D3A-939C-13E00CD60E96}.Release|Any CPU.ActiveCfg = Release|Any CPU
		{45169EAB-289D-4D3A-939C-13E00CD60E96}.Release|Any CPU.Build.0 = Release|Any CPU
		{6C479350-012E-45D4-9569-8C4BE212345D}.Debug|Any CPU.ActiveCfg = Debug|Any CPU
		{6C479350-012E-45D4-9569-8C4BE212345D}.Debug|Any CPU.Build.0 = Debug|Any CPU
		{6C479350-012E-45D4-9569-8C4BE212345D}.Release|Any CPU.ActiveCfg = Release|Any CPU
		{6C479350-012E-45D4-9569-8C4BE212345D}.Release|Any CPU.Build.0 = Release|Any CPU
		{E9902855-8370-40AB-B099-C0D9663BF905}.Debug|Any CPU.ActiveCfg = Debug|Any CPU
		{E9902855-8370-40AB-B099-C0D9663BF905}.Debug|Any CPU.Build.0 = Debug|Any CPU
		{E9902855-8370-40AB-B099-C0D9663BF905}.Release|Any CPU.ActiveCfg = Release|Any CPU
		{E9902855-8370-40AB-B099-C0D9663BF905}.Release|Any CPU.Build.0 = Release|Any CPU
	EndGlobalSection
	GlobalSection(SolutionProperties) = preSolution
		HideSolutionNode = FALSE
	EndGlobalSection
	GlobalSection(NestedProjects) = preSolution
		{C0FDBAD6-0471-4272-B79D-A00CD36FD48A} = {B3DD37D9-B44C-4E85-9C2E-D7860F2FB533}
		{16528575-5712-4054-93F2-BC82C2EDE5A4} = {88C25E19-811F-46E6-9248-B18FC16CDC81}
		{DCAFB67B-EEF6-45E0-BCE5-9C007C3F40FD} = {88C25E19-811F-46E6-9248-B18FC16CDC81}
		{D83EF434-9E43-448C-8F89-4FA704390159} = {88C25E19-811F-46E6-9248-B18FC16CDC81}
		{695A42E9-1E9E-4603-B4A7-AF12B194D794} = {88C25E19-811F-46E6-9248-B18FC16CDC81}
		{D6E39385-9BA6-4923-B635-FDA65F32BB9F} = {88C25E19-811F-46E6-9248-B18FC16CDC81}
		{F261EA55-1647-4A8A-8AEE-C82FD26D3AAE} = {B3DD37D9-B44C-4E85-9C2E-D7860F2FB533}
		{01B07E4B-7D3C-4DB8-8FF4-D6AC264EC1A0} = {B3DD37D9-B44C-4E85-9C2E-D7860F2FB533}
		{18B345F4-5F42-4431-BB94-B0B8E10E3523} = {B3DD37D9-B44C-4E85-9C2E-D7860F2FB533}
		{ECB4AAE4-8054-4EAC-B60C-507BF14531EC} = {88C25E19-811F-46E6-9248-B18FC16CDC81}
		{45169EAB-289D-4D3A-939C-13E00CD60E96} = {ECB4AAE4-8054-4EAC-B60C-507BF14531EC}
		{AF179488-105B-4358-BD4B-8CC46FFAB294} = {B3DD37D9-B44C-4E85-9C2E-D7860F2FB533}
		{6C479350-012E-45D4-9569-8C4BE212345D} = {AF179488-105B-4358-BD4B-8CC46FFAB294}
		{E9902855-8370-40AB-B099-C0D9663BF905} = {88C25E19-811F-46E6-9248-B18FC16CDC81}
	EndGlobalSection
	GlobalSection(ExtensibilityGlobals) = postSolution
		SolutionGuid = {8F07120F-860D-4912-8EEE-217989E4DA72}
	EndGlobalSection
EndGlobal
